
Microsoft Visual Studio Solution File, Format Version 12.00
# Visual Studio Version 17
VisualStudioVersion = 17.11.35208.52
MinimumVisualStudioVersion = 10.0.40219.1
Project("{9A19103F-16F7-4668-BE54-9A1E7A4F7556}") = "RoleMining.Library", "RoleMining.Library\RoleMining.Library.csproj", "{B0A82C16-13DF-4BF7-87F0-2A44D5CBEE93}"
EndProject
Project("{9A19103F-16F7-4668-BE54-9A1E7A4F7556}") = "RoleMining.Tests", "RoleMining.Tests\RoleMining.Tests.csproj", "{AF27BFF1-77DE-490C-BE5F-717C5B68FB1E}"
EndProject
Global
	GlobalSection(SolutionConfigurationPlatforms) = preSolution
		Debug|Any CPU = Debug|Any CPU
		Release|Any CPU = Release|Any CPU
	EndGlobalSection
	GlobalSection(ProjectConfigurationPlatforms) = postSolution
		{B0A82C16-13DF-4BF7-87F0-2A44D5CBEE93}.Debug|Any CPU.ActiveCfg = Debug|Any CPU
		{B0A82C16-13DF-4BF7-87F0-2A44D5CBEE93}.Debug|Any CPU.Build.0 = Debug|Any CPU
		{B0A82C16-13DF-4BF7-87F0-2A44D5CBEE93}.Release|Any CPU.ActiveCfg = Release|Any CPU
		{B0A82C16-13DF-4BF7-87F0-2A44D5CBEE93}.Release|Any CPU.Build.0 = Release|Any CPU
		{AF27BFF1-77DE-490C-BE5F-717C5B68FB1E}.Debug|Any CPU.ActiveCfg = Debug|Any CPU
		{AF27BFF1-77DE-490C-BE5F-717C5B68FB1E}.Debug|Any CPU.Build.0 = Debug|Any CPU
		{AF27BFF1-77DE-490C-BE5F-717C5B68FB1E}.Release|Any CPU.ActiveCfg = Release|Any CPU
		{AF27BFF1-77DE-490C-BE5F-717C5B68FB1E}.Release|Any CPU.Build.0 = Release|Any CPU
	EndGlobalSection
	GlobalSection(SolutionProperties) = preSolution
		HideSolutionNode = FALSE
	EndGlobalSection
	GlobalSection(ExtensibilityGlobals) = postSolution
		SolutionGuid = {542068FC-F185-4071-B844-B82185CD5EA3}
	EndGlobalSection
EndGlobal
